
Microsoft Visual Studio Solution File, Format Version 12.00
# Visual Studio Version 17
VisualStudioVersion = 17.14.36414.22
MinimumVisualStudioVersion = 10.0.40219.1
Project("{2150E333-8FDC-42A3-9474-1A3956D46DE8}") = "Task0", "Task0", "{36D591C7-65C7-A0D1-1CBC-10CDE441BDC8}"
EndProject
Project("{FAE04EC0-301F-11D3-BF4B-00C04F79EFBC}") = "Tyuiu.NikitinRYu.Sprint3.Task0.V5", "Tyuiu.NikitinRYu.Sprint3.Task0.V5\Tyuiu.NikitinRYu.Sprint3.Task0.V5.csproj", "{214A4B5D-500F-4B4C-BC67-495B39AE87E6}"
EndProject
Project("{FAE04EC0-301F-11D3-BF4B-00C04F79EFBC}") = "Tyuiu.NikitinRYu.Sprint3.Task0.V5.Lib", "Tyuiu.NikitinRYu.Sprint3.Task0.V5.Lib\Tyuiu.NikitinRYu.Sprint3.Task0.V5.Lib.csproj", "{6AB6D75F-E036-485C-B87C-51C85637D02A}"
EndProject
Project("{FAE04EC0-301F-11D3-BF4B-00C04F79EFBC}") = "Tyuiu.NikitinRYu.Sprint3.Task0.V5.Test", "Tyuiu.NikitinRYu.Sprint3.Task0.V5.Test\Tyuiu.NikitinRYu.Sprint3.Task0.V5.Test.csproj", "{6742F03B-00F1-4C3D-B731-9EF8BD70112A}"
EndProject
Project("{2150E333-8FDC-42A3-9474-1A3956D46DE8}") = "Task1", "Task1", "{3B8DCD40-0F79-4CE1-8280-5B73036BF607}"
EndProject
Project("{FAE04EC0-301F-11D3-BF4B-00C04F79EFBC}") = "Tyuiu.NikitinRYu.Sprint3.Task1.V25", "Tyuiu.NikitinRYu.Sprint3.Task1.V25\Tyuiu.NikitinRYu.Sprint3.Task1.V25.csproj", "{4545CE38-C13E-407C-B7DB-5AE34A543B3C}"
EndProject
Project("{FAE04EC0-301F-11D3-BF4B-00C04F79EFBC}") = "Tyuiu.NikitinRYu.Sprint3.Task1.V25.Lib", "Tyuiu.NikitinRYu.Sprint3.Task1.V25.Lib\Tyuiu.NikitinRYu.Sprint3.Task1.V25.Lib.csproj", "{B052A45A-3681-4D09-9F3C-6A66561CFC92}"
EndProject
Project("{FAE04EC0-301F-11D3-BF4B-00C04F79EFBC}") = "Tyuiu.NikitinRYu.Sprint3.Task1.V25.Test", "Tyuiu.NikitinRYu.Sprint3.Task1.V25.Test\Tyuiu.NikitinRYu.Sprint3.Task1.V25.Test.csproj", "{C5525CA1-A833-4E0F-9BDD-0DAE6A02845B}"
EndProject
Project("{2150E333-8FDC-42A3-9474-1A3956D46DE8}") = "Task2", "Task2", "{C3F21AAB-C4E6-4DAA-A848-1A286529FE9D}"
EndProject
Project("{FAE04EC0-301F-11D3-BF4B-00C04F79EFBC}") = "Tyuiu.NikitinRYu.Sprint3.Task2.V2", "Tyuiu.NikitinRYu.Sprint3.Task2.V2\Tyuiu.NikitinRYu.Sprint3.Task2.V2.csproj", "{0B42DD46-DA70-4D4F-A43E-33488A5832C3}"
EndProject
Project("{FAE04EC0-301F-11D3-BF4B-00C04F79EFBC}") = "Tyuiu.NikitinRYu.Sprint3.Task2.V2.Lib", "Tyuiu.NikitinRYu.Sprint3.Task2.V2.Lib\Tyuiu.NikitinRYu.Sprint3.Task2.V2.Lib.csproj", "{AEA3FDD5-CB35-46E8-8500-88A4A3366831}"
EndProject
Project("{FAE04EC0-301F-11D3-BF4B-00C04F79EFBC}") = "Tyuiu.NikitinRYu.Sprint3.Task2.V2.Test", "Tyuiu.NikitinRYu.Sprint3.Task2.V2.Test\Tyuiu.NikitinRYu.Sprint3.Task2.V2.Test.csproj", "{292FFBE0-5E34-4F74-ABA4-51F0D3968C50}"
EndProject
Project("{2150E333-8FDC-42A3-9474-1A3956D46DE8}") = "Task3", "Task3", "{32E07741-D93E-4F67-8D20-AB657951973D}"
EndProject
Project("{FAE04EC0-301F-11D3-BF4B-00C04F79EFBC}") = "Tyuiu.NikitinRYu.Sprint3.Task3.V22", "Tyuiu.NikitinRYu.Sprint3.Task3.V22\Tyuiu.NikitinRYu.Sprint3.Task3.V22.csproj", "{93568117-482E-4033-B3E6-09AD56796D06}"
EndProject
Project("{FAE04EC0-301F-11D3-BF4B-00C04F79EFBC}") = "Tyuiu.NikitinRYu.Sprint3.Task3.V22.Lib", "Tyuiu.NikitinRYu.Sprint3.Task3.V22.Lib\Tyuiu.NikitinRYu.Sprint3.Task3.V22.Lib.csproj", "{70D107E3-1778-43BF-8D43-710D8C732C63}"
EndProject
Project("{FAE04EC0-301F-11D3-BF4B-00C04F79EFBC}") = "Tyuiu.NikitinRYu.Sprint3.Task3.V22.Test", "Tyuiu.NikitinRYu.Sprint3.Task3.V22.Test\Tyuiu.NikitinRYu.Sprint3.Task3.V22.Test.csproj", "{494B4779-164C-4B59-A138-CA8406023378}"
EndProject
Project("{2150E333-8FDC-42A3-9474-1A3956D46DE8}") = "Task4", "Task4", "{2FDE3D9B-7A06-40B7-B4EE-9318C9AED047}"
EndProject
Project("{FAE04EC0-301F-11D3-BF4B-00C04F79EFBC}") = "Tyuiu.NikitinRYu.Sprint3.Task4.V20", "Tyuiu.NikitinRYu.Sprint3.Task4.V20\Tyuiu.NikitinRYu.Sprint3.Task4.V20.csproj", "{F3EDC715-D4A2-4532-B357-218E33FCF1F1}"
EndProject
Project("{FAE04EC0-301F-11D3-BF4B-00C04F79EFBC}") = "Tyuiu.NikitinRYu.Sprint3.Task4.V20.Lib", "Tyuiu.NikitinRYu.Sprint3.Task4.V20.Lib\Tyuiu.NikitinRYu.Sprint3.Task4.V20.Lib.csproj", "{78F6F88E-7ECC-4771-990E-DD5725CE7A52}"
EndProject
Project("{FAE04EC0-301F-11D3-BF4B-00C04F79EFBC}") = "Tyuiu.NikitinRYu.Sprint3.Task4.V20.Test", "Tyuiu.NikitinRYu.Sprint3.Task4.V20.Test\Tyuiu.NikitinRYu.Sprint3.Task4.V20.Test.csproj", "{8A10933C-F38F-44AB-8439-89903A3B6809}"
EndProject
Project("{2150E333-8FDC-42A3-9474-1A3956D46DE8}") = "Task5", "Task5", "{9C0D3280-B425-4729-A626-3D9A87AC7E09}"
EndProject
Project("{FAE04EC0-301F-11D3-BF4B-00C04F79EFBC}") = "Tyuiu.NikitinRYu.Sprint3.Task5.V25", "Tyuiu.NikitinRYu.Sprint3.Task5.V25\Tyuiu.NikitinRYu.Sprint3.Task5.V25.csproj", "{3ED80FE6-9E56-42D8-931B-6CFF4794B04A}"
EndProject
Project("{FAE04EC0-301F-11D3-BF4B-00C04F79EFBC}") = "Tyuiu.NikitinRYu.Sprint3.Task5.V25.Lib", "Tyuiu.NikitinRYu.Sprint3.Task5.V25.Lib\Tyuiu.NikitinRYu.Sprint3.Task5.V25.Lib.csproj", "{EE422DBF-4F9A-49FC-AA54-FD7C9F4BB3CC}"
EndProject
Project("{FAE04EC0-301F-11D3-BF4B-00C04F79EFBC}") = "Tyuiu.NikitinRYu.Sprint3.Task5.V25.Test", "Tyuiu.NikitinRYu.Sprint3.Task5.V25.Test\Tyuiu.NikitinRYu.Sprint3.Task5.V25.Test.csproj", "{0B5330EA-7A49-4541-AC63-8052D1118AF4}"
EndProject
Project("{2150E333-8FDC-42A3-9474-1A3956D46DE8}") = "Task6", "Task6", "{07453772-1193-4319-9C93-2BA20688ACE3}"
EndProject
Project("{FAE04EC0-301F-11D3-BF4B-00C04F79EFBC}") = "Tyuiu.NikitinRYu.Sprint3.Task6.V8", "Tyuiu.NikitinRYu.Sprint3.Task6.V8\Tyuiu.NikitinRYu.Sprint3.Task6.V8.csproj", "{F1ED84EE-BBF1-4CB4-B7AD-A2F6F8277487}"
EndProject
Project("{FAE04EC0-301F-11D3-BF4B-00C04F79EFBC}") = "Tyuiu.NikitinRYu.Sprint3.Task6.V8.Lib", "Tyuiu.NikitinRYu.Sprint3.Task6.V8.Lib\Tyuiu.NikitinRYu.Sprint3.Task6.V8.Lib.csproj", "{7BBA9D81-87ED-4858-AC42-3AF119FD0AAE}"
EndProject
Project("{FAE04EC0-301F-11D3-BF4B-00C04F79EFBC}") = "Tyuiu.NikitinRYu.Sprint3.Task6.V8.Test", "Tyuiu.NikitinRYu.Sprint3.Task6.V8.Test\Tyuiu.NikitinRYu.Sprint3.Task6.V8.Test.csproj", "{858C545F-3C79-4298-BE0B-2002F37B85B4}"
EndProject
Project("{2150E333-8FDC-42A3-9474-1A3956D46DE8}") = "Task7", "Task7", "{2F6E9373-5170-466C-A339-5D411651FDD8}"
EndProject
Project("{FAE04EC0-301F-11D3-BF4B-00C04F79EFBC}") = "Tyuiu.NikitinRYu.Sprint3.Task7.V11", "Tyuiu.NikitinRYu.Sprint3.Task7.V11\Tyuiu.NikitinRYu.Sprint3.Task7.V11.csproj", "{6B0ABD3B-D73B-4B4D-8DC8-A5533286D3BD}"
EndProject
Project("{FAE04EC0-301F-11D3-BF4B-00C04F79EFBC}") = "Tyuiu.NikitinRYu.Sprint3.Task7.V11.Lib", "Tyuiu.NikitinRYu.Sprint3.Task7.V11.Lib\Tyuiu.NikitinRYu.Sprint3.Task7.V11.Lib.csproj", "{679FB14E-F297-49DE-968C-4093BEAF1C9F}"
EndProject
Project("{FAE04EC0-301F-11D3-BF4B-00C04F79EFBC}") = "Tyuiu.NikitinRYu.Sprint3.Task7.V11.Test", "Tyuiu.NikitinRYu.Sprint3.Task7.V11.Test\Tyuiu.NikitinRYu.Sprint3.Task7.V11.Test.csproj", "{1885B913-96BC-4EB6-AF2D-4926513120B2}"
EndProject
Global
	GlobalSection(SolutionConfigurationPlatforms) = preSolution
		Debug|Any CPU = Debug|Any CPU
		Release|Any CPU = Release|Any CPU
	EndGlobalSection
	GlobalSection(ProjectConfigurationPlatforms) = postSolution
		{214A4B5D-500F-4B4C-BC67-495B39AE87E6}.Debug|Any CPU.ActiveCfg = Debug|Any CPU
		{214A4B5D-500F-4B4C-BC67-495B39AE87E6}.Debug|Any CPU.Build.0 = Debug|Any CPU
		{214A4B5D-500F-4B4C-BC67-495B39AE87E6}.Release|Any CPU.ActiveCfg = Release|Any CPU
		{214A4B5D-500F-4B4C-BC67-495B39AE87E6}.Release|Any CPU.Build.0 = Release|Any CPU
		{6AB6D75F-E036-485C-B87C-51C85637D02A}.Debug|Any CPU.ActiveCfg = Debug|Any CPU
		{6AB6D75F-E036-485C-B87C-51C85637D02A}.Debug|Any CPU.Build.0 = Debug|Any CPU
		{6AB6D75F-E036-485C-B87C-51C85637D02A}.Release|Any CPU.ActiveCfg = Release|Any CPU
		{6AB6D75F-E036-485C-B87C-51C85637D02A}.Release|Any CPU.Build.0 = Release|Any CPU
		{6742F03B-00F1-4C3D-B731-9EF8BD70112A}.Debug|Any CPU.ActiveCfg = Debug|Any CPU
		{6742F03B-00F1-4C3D-B731-9EF8BD70112A}.Debug|Any CPU.Build.0 = Debug|Any CPU
		{6742F03B-00F1-4C3D-B731-9EF8BD70112A}.Release|Any CPU.ActiveCfg = Release|Any CPU
		{6742F03B-00F1-4C3D-B731-9EF8BD70112A}.Release|Any CPU.Build.0 = Release|Any CPU
		{4545CE38-C13E-407C-B7DB-5AE34A543B3C}.Debug|Any CPU.ActiveCfg = Debug|Any CPU
		{4545CE38-C13E-407C-B7DB-5AE34A543B3C}.Debug|Any CPU.Build.0 = Debug|Any CPU
		{4545CE38-C13E-407C-B7DB-5AE34A543B3C}.Release|Any CPU.ActiveCfg = Release|Any CPU
		{4545CE38-C13E-407C-B7DB-5AE34A543B3C}.Release|Any CPU.Build.0 = Release|Any CPU
		{B052A45A-3681-4D09-9F3C-6A66561CFC92}.Debug|Any CPU.ActiveCfg = Debug|Any CPU
		{B052A45A-3681-4D09-9F3C-6A66561CFC92}.Debug|Any CPU.Build.0 = Debug|Any CPU
		{B052A45A-3681-4D09-9F3C-6A66561CFC92}.Release|Any CPU.ActiveCfg = Release|Any CPU
		{B052A45A-3681-4D09-9F3C-6A66561CFC92}.Release|Any CPU.Build.0 = Release|Any CPU
		{C5525CA1-A833-4E0F-9BDD-0DAE6A02845B}.Debug|Any CPU.ActiveCfg = Debug|Any CPU
		{C5525CA1-A833-4E0F-9BDD-0DAE6A02845B}.Debug|Any CPU.Build.0 = Debug|Any CPU
		{C5525CA1-A833-4E0F-9BDD-0DAE6A02845B}.Release|Any CPU.ActiveCfg = Release|Any CPU
		{C5525CA1-A833-4E0F-9BDD-0DAE6A02845B}.Release|Any CPU.Build.0 = Release|Any CPU
		{0B42DD46-DA70-4D4F-A43E-33488A5832C3}.Debug|Any CPU.ActiveCfg = Debug|Any CPU
		{0B42DD46-DA70-4D4F-A43E-33488A5832C3}.Debug|Any CPU.Build.0 = Debug|Any CPU
		{0B42DD46-DA70-4D4F-A43E-33488A5832C3}.Release|Any CPU.ActiveCfg = Release|Any CPU
		{0B42DD46-DA70-4D4F-A43E-33488A5832C3}.Release|Any CPU.Build.0 = Release|Any CPU
		{AEA3FDD5-CB35-46E8-8500-88A4A3366831}.Debug|Any CPU.ActiveCfg = Debug|Any CPU
		{AEA3FDD5-CB35-46E8-8500-88A4A3366831}.Debug|Any CPU.Build.0 = Debug|Any CPU
		{AEA3FDD5-CB35-46E8-8500-88A4A3366831}.Release|Any CPU.ActiveCfg = Release|Any CPU
		{AEA3FDD5-CB35-46E8-8500-88A4A3366831}.Release|Any CPU.Build.0 = Release|Any CPU
		{292FFBE0-5E34-4F74-ABA4-51F0D3968C50}.Debug|Any CPU.ActiveCfg = Debug|Any CPU
		{292FFBE0-5E34-4F74-ABA4-51F0D3968C50}.Debug|Any CPU.Build.0 = Debug|Any CPU
		{292FFBE0-5E34-4F74-ABA4-51F0D3968C50}.Release|Any CPU.ActiveCfg = Release|Any CPU
		{292FFBE0-5E34-4F74-ABA4-51F0D3968C50}.Release|Any CPU.Build.0 = Release|Any CPU
		{93568117-482E-4033-B3E6-09AD56796D06}.Debug|Any CPU.ActiveCfg = Debug|Any CPU
		{93568117-482E-4033-B3E6-09AD56796D06}.Debug|Any CPU.Build.0 = Debug|Any CPU
		{93568117-482E-4033-B3E6-09AD56796D06}.Release|Any CPU.ActiveCfg = Release|Any CPU
		{93568117-482E-4033-B3E6-09AD56796D06}.Release|Any CPU.Build.0 = Release|Any CPU
		{70D107E3-1778-43BF-8D43-710D8C732C63}.Debug|Any CPU.ActiveCfg = Debug|Any CPU
		{70D107E3-1778-43BF-8D43-710D8C732C63}.Debug|Any CPU.Build.0 = Debug|Any CPU
		{70D107E3-1778-43BF-8D43-710D8C732C63}.Release|Any CPU.ActiveCfg = Release|Any CPU
		{70D107E3-1778-43BF-8D43-710D8C732C63}.Release|Any CPU.Build.0 = Release|Any CPU
		{494B4779-164C-4B59-A138-CA8406023378}.Debug|Any CPU.ActiveCfg = Debug|Any CPU
		{494B4779-164C-4B59-A138-CA8406023378}.Debug|Any CPU.Build.0 = Debug|Any CPU
		{494B4779-164C-4B59-A138-CA8406023378}.Release|Any CPU.ActiveCfg = Release|Any CPU
		{494B4779-164C-4B59-A138-CA8406023378}.Release|Any CPU.Build.0 = Release|Any CPU
		{F3EDC715-D4A2-4532-B357-218E33FCF1F1}.Debug|Any CPU.ActiveCfg = Debug|Any CPU
		{F3EDC715-D4A2-4532-B357-218E33FCF1F1}.Debug|Any CPU.Build.0 = Debug|Any CPU
		{F3EDC715-D4A2-4532-B357-218E33FCF1F1}.Release|Any CPU.ActiveCfg = Release|Any CPU
		{F3EDC715-D4A2-4532-B357-218E33FCF1F1}.Release|Any CPU.Build.0 = Release|Any CPU
		{78F6F88E-7ECC-4771-990E-DD5725CE7A52}.Debug|Any CPU.ActiveCfg = Debug|Any CPU
		{78F6F88E-7ECC-4771-990E-DD5725CE7A52}.Debug|Any CPU.Build.0 = Debug|Any CPU
		{78F6F88E-7ECC-4771-990E-DD5725CE7A52}.Release|Any CPU.ActiveCfg = Release|Any CPU
		{78F6F88E-7ECC-4771-990E-DD5725CE7A52}.Release|Any CPU.Build.0 = Release|Any CPU
		{8A10933C-F38F-44AB-8439-89903A3B6809}.Debug|Any CPU.ActiveCfg = Debug|Any CPU
		{8A10933C-F38F-44AB-8439-89903A3B6809}.Debug|Any CPU.Build.0 = Debug|Any CPU
		{8A10933C-F38F-44AB-8439-89903A3B6809}.Release|Any CPU.ActiveCfg = Release|Any CPU
		{8A10933C-F38F-44AB-8439-89903A3B6809}.Release|Any CPU.Build.0 = Release|Any CPU
		{3ED80FE6-9E56-42D8-931B-6CFF4794B04A}.Debug|Any CPU.ActiveCfg = Debug|Any CPU
		{3ED80FE6-9E56-42D8-931B-6CFF4794B04A}.Debug|Any CPU.Build.0 = Debug|Any CPU
		{3ED80FE6-9E56-42D8-931B-6CFF4794B04A}.Release|Any CPU.ActiveCfg = Release|Any CPU
		{3ED80FE6-9E56-42D8-931B-6CFF4794B04A}.Release|Any CPU.Build.0 = Release|Any CPU
		{EE422DBF-4F9A-49FC-AA54-FD7C9F4BB3CC}.Debug|Any CPU.ActiveCfg = Debug|Any CPU
		{EE422DBF-4F9A-49FC-AA54-FD7C9F4BB3CC}.Debug|Any CPU.Build.0 = Debug|Any CPU
		{EE422DBF-4F9A-49FC-AA54-FD7C9F4BB3CC}.Release|Any CPU.ActiveCfg = Release|Any CPU
		{EE422DBF-4F9A-49FC-AA54-FD7C9F4BB3CC}.Release|Any CPU.Build.0 = Release|Any CPU
		{0B5330EA-7A49-4541-AC63-8052D1118AF4}.Debug|Any CPU.ActiveCfg = Debug|Any CPU
		{0B5330EA-7A49-4541-AC63-8052D1118AF4}.Debug|Any CPU.Build.0 = Debug|Any CPU
		{0B5330EA-7A49-4541-AC63-8052D1118AF4}.Release|Any CPU.ActiveCfg = Release|Any CPU
		{0B5330EA-7A49-4541-AC63-8052D1118AF4}.Release|Any CPU.Build.0 = Release|Any CPU
		{F1ED84EE-BBF1-4CB4-B7AD-A2F6F8277487}.Debug|Any CPU.ActiveCfg = Debug|Any CPU
		{F1ED84EE-BBF1-4CB4-B7AD-A2F6F8277487}.Debug|Any CPU.Build.0 = Debug|Any CPU
		{F1ED84EE-BBF1-4CB4-B7AD-A2F6F8277487}.Release|Any CPU.ActiveCfg = Release|Any CPU
		{F1ED84EE-BBF1-4CB4-B7AD-A2F6F8277487}.Release|Any CPU.Build.0 = Release|Any CPU
		{7BBA9D81-87ED-4858-AC42-3AF119FD0AAE}.Debug|Any CPU.ActiveCfg = Debug|Any CPU
		{7BBA9D81-87ED-4858-AC42-3AF119FD0AAE}.Debug|Any CPU.Build.0 = Debug|Any CPU
		{7BBA9D81-87ED-4858-AC42-3AF119FD0AAE}.Release|Any CPU.ActiveCfg = Release|Any CPU
		{7BBA9D81-87ED-4858-AC42-3AF119FD0AAE}.Release|Any CPU.Build.0 = Release|Any CPU
		{858C545F-3C79-4298-BE0B-2002F37B85B4}.Debug|Any CPU.ActiveCfg = Debug|Any CPU
		{858C545F-3C79-4298-BE0B-2002F37B85B4}.Debug|Any CPU.Build.0 = Debug|Any CPU
		{858C545F-3C79-4298-BE0B-2002F37B85B4}.Release|Any CPU.ActiveCfg = Release|Any CPU
		{858C545F-3C79-4298-BE0B-2002F37B85B4}.Release|Any CPU.Build.0 = Release|Any CPU
		{6B0ABD3B-D73B-4B4D-8DC8-A5533286D3BD}.Debug|Any CPU.ActiveCfg = Debug|Any CPU
		{6B0ABD3B-D73B-4B4D-8DC8-A5533286D3BD}.Debug|Any CPU.Build.0 = Debug|Any CPU
		{6B0ABD3B-D73B-4B4D-8DC8-A5533286D3BD}.Release|Any CPU.ActiveCfg = Release|Any CPU
		{6B0ABD3B-D73B-4B4D-8DC8-A5533286D3BD}.Release|Any CPU.Build.0 = Release|Any CPU
		{679FB14E-F297-49DE-968C-4093BEAF1C9F}.Debug|Any CPU.ActiveCfg = Debug|Any CPU
		{679FB14E-F297-49DE-968C-4093BEAF1C9F}.Debug|Any CPU.Build.0 = Debug|Any CPU
		{679FB14E-F297-49DE-968C-4093BEAF1C9F}.Release|Any CPU.ActiveCfg = Release|Any CPU
		{679FB14E-F297-49DE-968C-4093BEAF1C9F}.Release|Any CPU.Build.0 = Release|Any CPU
		{1885B913-96BC-4EB6-AF2D-4926513120B2}.Debug|Any CPU.ActiveCfg = Debug|Any CPU
		{1885B913-96BC-4EB6-AF2D-4926513120B2}.Debug|Any CPU.Build.0 = Debug|Any CPU
		{1885B913-96BC-4EB6-AF2D-4926513120B2}.Release|Any CPU.ActiveCfg = Release|Any CPU
		{1885B913-96BC-4EB6-AF2D-4926513120B2}.Release|Any CPU.Build.0 = Release|Any CPU
	EndGlobalSection
	GlobalSection(SolutionProperties) = preSolution
		HideSolutionNode = FALSE
	EndGlobalSection
	GlobalSection(NestedProjects) = preSolution
		{214A4B5D-500F-4B4C-BC67-495B39AE87E6} = {36D591C7-65C7-A0D1-1CBC-10CDE441BDC8}
		{6AB6D75F-E036-485C-B87C-51C85637D02A} = {36D591C7-65C7-A0D1-1CBC-10CDE441BDC8}
		{6742F03B-00F1-4C3D-B731-9EF8BD70112A} = {36D591C7-65C7-A0D1-1CBC-10CDE441BDC8}
		{4545CE38-C13E-407C-B7DB-5AE34A543B3C} = {3B8DCD40-0F79-4CE1-8280-5B73036BF607}
		{B052A45A-3681-4D09-9F3C-6A66561CFC92} = {3B8DCD40-0F79-4CE1-8280-5B73036BF607}
		{C5525CA1-A833-4E0F-9BDD-0DAE6A02845B} = {3B8DCD40-0F79-4CE1-8280-5B73036BF607}
		{0B42DD46-DA70-4D4F-A43E-33488A5832C3} = {C3F21AAB-C4E6-4DAA-A848-1A286529FE9D}
		{AEA3FDD5-CB35-46E8-8500-88A4A3366831} = {C3F21AAB-C4E6-4DAA-A848-1A286529FE9D}
		{292FFBE0-5E34-4F74-ABA4-51F0D3968C50} = {C3F21AAB-C4E6-4DAA-A848-1A286529FE9D}
		{93568117-482E-4033-B3E6-09AD56796D06} = {32E07741-D93E-4F67-8D20-AB657951973D}
		{70D107E3-1778-43BF-8D43-710D8C732C63} = {32E07741-D93E-4F67-8D20-AB657951973D}
		{494B4779-164C-4B59-A138-CA8406023378} = {32E07741-D93E-4F67-8D20-AB657951973D}
		{F3EDC715-D4A2-4532-B357-218E33FCF1F1} = {2FDE3D9B-7A06-40B7-B4EE-9318C9AED047}
		{78F6F88E-7ECC-4771-990E-DD5725CE7A52} = {2FDE3D9B-7A06-40B7-B4EE-9318C9AED047}
		{8A10933C-F38F-44AB-8439-89903A3B6809} = {2FDE3D9B-7A06-40B7-B4EE-9318C9AED047}
		{3ED80FE6-9E56-42D8-931B-6CFF4794B04A} = {9C0D3280-B425-4729-A626-3D9A87AC7E09}
		{EE422DBF-4F9A-49FC-AA54-FD7C9F4BB3CC} = {9C0D3280-B425-4729-A626-3D9A87AC7E09}
		{0B5330EA-7A49-4541-AC63-8052D1118AF4} = {9C0D3280-B425-4729-A626-3D9A87AC7E09}
		{F1ED84EE-BBF1-4CB4-B7AD-A2F6F8277487} = {07453772-1193-4319-9C93-2BA20688ACE3}
		{7BBA9D81-87ED-4858-AC42-3AF119FD0AAE} = {07453772-1193-4319-9C93-2BA20688ACE3}
		{858C545F-3C79-4298-BE0B-2002F37B85B4} = {07453772-1193-4319-9C93-2BA20688ACE3}
		{6B0ABD3B-D73B-4B4D-8DC8-A5533286D3BD} = {2F6E9373-5170-466C-A339-5D411651FDD8}
		{679FB14E-F297-49DE-968C-4093BEAF1C9F} = {2F6E9373-5170-466C-A339-5D411651FDD8}
		{1885B913-96BC-4EB6-AF2D-4926513120B2} = {2F6E9373-5170-466C-A339-5D411651FDD8}
	EndGlobalSection
	GlobalSection(ExtensibilityGlobals) = postSolution
		SolutionGuid = {3E512D1F-517E-4DB1-9B2B-DDD202CB38F7}
	EndGlobalSection
EndGlobal
