
Microsoft Visual Studio Solution File, Format Version 12.00
# Visual Studio Version 17
VisualStudioVersion = 17.14.36414.22
MinimumVisualStudioVersion = 10.0.40219.1
Project("{2150E333-8FDC-42A3-9474-1A3956D46DE8}") = "Task0", "Task0", "{36D591C7-65C7-A0D1-1CBC-10CDE441BDC8}"
EndProject
Project("{FAE04EC0-301F-11D3-BF4B-00C04F79EFBC}") = "Tyuiu.NikitinRYu.Sprint3.Task0.V5", "Tyuiu.NikitinRYu.Sprint3.Task0.V5\Tyuiu.NikitinRYu.Sprint3.Task0.V5.csproj", "{214A4B5D-500F-4B4C-BC67-495B39AE87E6}"
EndProject
Project("{FAE04EC0-301F-11D3-BF4B-00C04F79EFBC}") = "Tyuiu.NikitinRYu.Sprint3.Task0.V5.Lib", "Tyuiu.NikitinRYu.Sprint3.Task0.V5.Lib\Tyuiu.NikitinRYu.Sprint3.Task0.V5.Lib.csproj", "{6AB6D75F-E036-485C-B87C-51C85637D02A}"
EndProject
Project("{FAE04EC0-301F-11D3-BF4B-00C04F79EFBC}") = "Tyuiu.NikitinRYu.Sprint3.Task0.V5.Test", "Tyuiu.NikitinRYu.Sprint3.Task0.V5.Test\Tyuiu.NikitinRYu.Sprint3.Task0.V5.Test.csproj", "{6742F03B-00F1-4C3D-B731-9EF8BD70112A}"
EndProject
Project("{2150E333-8FDC-42A3-9474-1A3956D46DE8}") = "Task1", "Task1", "{3B8DCD40-0F79-4CE1-8280-5B73036BF607}"
EndProject
Project("{FAE04EC0-301F-11D3-BF4B-00C04F79EFBC}") = "Tyuiu.NikitinRYu.Sprint3.Task1.V25", "Tyuiu.NikitinRYu.Sprint3.Task1.V25\Tyuiu.NikitinRYu.Sprint3.Task1.V25.csproj", "{4545CE38-C13E-407C-B7DB-5AE34A543B3C}"
EndProject
Project("{FAE04EC0-301F-11D3-BF4B-00C04F79EFBC}") = "Tyuiu.NikitinRYu.Sprint3.Task1.V25.Lib", "Tyuiu.NikitinRYu.Sprint3.Task1.V25.Lib\Tyuiu.NikitinRYu.Sprint3.Task1.V25.Lib.csproj", "{B052A45A-3681-4D09-9F3C-6A66561CFC92}"
EndProject
Project("{FAE04EC0-301F-11D3-BF4B-00C04F79EFBC}") = "Tyuiu.NikitinRYu.Sprint3.Task1.V25.Test", "Tyuiu.NikitinRYu.Sprint3.Task1.V25.Test\Tyuiu.NikitinRYu.Sprint3.Task1.V25.Test.csproj", "{C5525CA1-A833-4E0F-9BDD-0DAE6A02845B}"
EndProject
Project("{2150E333-8FDC-42A3-9474-1A3956D46DE8}") = "Task2", "Task2", "{C3F21AAB-C4E6-4DAA-A848-1A286529FE9D}"
EndProject
Project("{FAE04EC0-301F-11D3-BF4B-00C04F79EFBC}") = "Tyuiu.NikitinRYu.Sprint3.Task2.V2", "Tyuiu.NikitinRYu.Sprint3.Task2.V2\Tyuiu.NikitinRYu.Sprint3.Task2.V2.csproj", "{0B42DD46-DA70-4D4F-A43E-33488A5832C3}"
EndProject
Project("{FAE04EC0-301F-11D3-BF4B-00C04F79EFBC}") = "Tyuiu.NikitinRYu.Sprint3.Task2.V2.Lib", "Tyuiu.NikitinRYu.Sprint3.Task2.V2.Lib\Tyuiu.NikitinRYu.Sprint3.Task2.V2.Lib.csproj", "{AEA3FDD5-CB35-46E8-8500-88A4A3366831}"
EndProject
Project("{FAE04EC0-301F-11D3-BF4B-00C04F79EFBC}") = "Tyuiu.NikitinRYu.Sprint3.Task2.V2.Test", "Tyuiu.NikitinRYu.Sprint3.Task2.V2.Test\Tyuiu.NikitinRYu.Sprint3.Task2.V2.Test.csproj", "{292FFBE0-5E34-4F74-ABA4-51F0D3968C50}"
EndProject
Project("{2150E333-8FDC-42A3-9474-1A3956D46DE8}") = "Task30", "Task30", "{45731977-8DC6-423B-874B-1213E048571C}"
EndProject
Project("{FAE04EC0-301F-11D3-BF4B-00C04F79EFBC}") = "Tyuiu.NikitinRYu.Sprint3.Task3.V22", "Tyuiu.NikitinRYu.Sprint3.Task2.V22\Tyuiu.NikitinRYu.Sprint3.Task3.V22.csproj", "{D7158135-1545-41E5-A384-A6983B1AA77B}"
EndProject
Project("{FAE04EC0-301F-11D3-BF4B-00C04F79EFBC}") = "Tyuiu.NikitinRYu.Sprint3.Task3.V22.Lib", "Tyuiu.NikitinRYu.Sprint3.Task2.V22.Lib\Tyuiu.NikitinRYu.Sprint3.Task3.V22.Lib.csproj", "{1A165E53-B8A4-406D-BCA0-3C9DA4DCAC8A}"
EndProject
Project("{FAE04EC0-301F-11D3-BF4B-00C04F79EFBC}") = "Tyuiu.NikitinRYu.Sprint3.Task3.V22.Test", "Tyuiu.NikitinRYu.Sprint3.Task2.V22.Test\Tyuiu.NikitinRYu.Sprint3.Task3.V22.Test.csproj", "{3BADF280-3891-4077-8796-E8A7279AB129}"
EndProject
Global
	GlobalSection(SolutionConfigurationPlatforms) = preSolution
		Debug|Any CPU = Debug|Any CPU
		Release|Any CPU = Release|Any CPU
	EndGlobalSection
	GlobalSection(ProjectConfigurationPlatforms) = postSolution
		{214A4B5D-500F-4B4C-BC67-495B39AE87E6}.Debug|Any CPU.ActiveCfg = Debug|Any CPU
		{214A4B5D-500F-4B4C-BC67-495B39AE87E6}.Debug|Any CPU.Build.0 = Debug|Any CPU
		{214A4B5D-500F-4B4C-BC67-495B39AE87E6}.Release|Any CPU.ActiveCfg = Release|Any CPU
		{214A4B5D-500F-4B4C-BC67-495B39AE87E6}.Release|Any CPU.Build.0 = Release|Any CPU
		{6AB6D75F-E036-485C-B87C-51C85637D02A}.Debug|Any CPU.ActiveCfg = Debug|Any CPU
		{6AB6D75F-E036-485C-B87C-51C85637D02A}.Debug|Any CPU.Build.0 = Debug|Any CPU
		{6AB6D75F-E036-485C-B87C-51C85637D02A}.Release|Any CPU.ActiveCfg = Release|Any CPU
		{6AB6D75F-E036-485C-B87C-51C85637D02A}.Release|Any CPU.Build.0 = Release|Any CPU
		{6742F03B-00F1-4C3D-B731-9EF8BD70112A}.Debug|Any CPU.ActiveCfg = Debug|Any CPU
		{6742F03B-00F1-4C3D-B731-9EF8BD70112A}.Debug|Any CPU.Build.0 = Debug|Any CPU
		{6742F03B-00F1-4C3D-B731-9EF8BD70112A}.Release|Any CPU.ActiveCfg = Release|Any CPU
		{6742F03B-00F1-4C3D-B731-9EF8BD70112A}.Release|Any CPU.Build.0 = Release|Any CPU
		{4545CE38-C13E-407C-B7DB-5AE34A543B3C}.Debug|Any CPU.ActiveCfg = Debug|Any CPU
		{4545CE38-C13E-407C-B7DB-5AE34A543B3C}.Debug|Any CPU.Build.0 = Debug|Any CPU
		{4545CE38-C13E-407C-B7DB-5AE34A543B3C}.Release|Any CPU.ActiveCfg = Release|Any CPU
		{4545CE38-C13E-407C-B7DB-5AE34A543B3C}.Release|Any CPU.Build.0 = Release|Any CPU
		{B052A45A-3681-4D09-9F3C-6A66561CFC92}.Debug|Any CPU.ActiveCfg = Debug|Any CPU
		{B052A45A-3681-4D09-9F3C-6A66561CFC92}.Debug|Any CPU.Build.0 = Debug|Any CPU
		{B052A45A-3681-4D09-9F3C-6A66561CFC92}.Release|Any CPU.ActiveCfg = Release|Any CPU
		{B052A45A-3681-4D09-9F3C-6A66561CFC92}.Release|Any CPU.Build.0 = Release|Any CPU
		{C5525CA1-A833-4E0F-9BDD-0DAE6A02845B}.Debug|Any CPU.ActiveCfg = Debug|Any CPU
		{C5525CA1-A833-4E0F-9BDD-0DAE6A02845B}.Debug|Any CPU.Build.0 = Debug|Any CPU
		{C5525CA1-A833-4E0F-9BDD-0DAE6A02845B}.Release|Any CPU.ActiveCfg = Release|Any CPU
		{C5525CA1-A833-4E0F-9BDD-0DAE6A02845B}.Release|Any CPU.Build.0 = Release|Any CPU
		{0B42DD46-DA70-4D4F-A43E-33488A5832C3}.Debug|Any CPU.ActiveCfg = Debug|Any CPU
		{0B42DD46-DA70-4D4F-A43E-33488A5832C3}.Debug|Any CPU.Build.0 = Debug|Any CPU
		{0B42DD46-DA70-4D4F-A43E-33488A5832C3}.Release|Any CPU.ActiveCfg = Release|Any CPU
		{0B42DD46-DA70-4D4F-A43E-33488A5832C3}.Release|Any CPU.Build.0 = Release|Any CPU
		{AEA3FDD5-CB35-46E8-8500-88A4A3366831}.Debug|Any CPU.ActiveCfg = Debug|Any CPU
		{AEA3FDD5-CB35-46E8-8500-88A4A3366831}.Debug|Any CPU.Build.0 = Debug|Any CPU
		{AEA3FDD5-CB35-46E8-8500-88A4A3366831}.Release|Any CPU.ActiveCfg = Release|Any CPU
		{AEA3FDD5-CB35-46E8-8500-88A4A3366831}.Release|Any CPU.Build.0 = Release|Any CPU
		{292FFBE0-5E34-4F74-ABA4-51F0D3968C50}.Debug|Any CPU.ActiveCfg = Debug|Any CPU
		{292FFBE0-5E34-4F74-ABA4-51F0D3968C50}.Debug|Any CPU.Build.0 = Debug|Any CPU
		{292FFBE0-5E34-4F74-ABA4-51F0D3968C50}.Release|Any CPU.ActiveCfg = Release|Any CPU
		{292FFBE0-5E34-4F74-ABA4-51F0D3968C50}.Release|Any CPU.Build.0 = Release|Any CPU
		{D7158135-1545-41E5-A384-A6983B1AA77B}.Debug|Any CPU.ActiveCfg = Debug|Any CPU
		{D7158135-1545-41E5-A384-A6983B1AA77B}.Debug|Any CPU.Build.0 = Debug|Any CPU
		{D7158135-1545-41E5-A384-A6983B1AA77B}.Release|Any CPU.ActiveCfg = Release|Any CPU
		{D7158135-1545-41E5-A384-A6983B1AA77B}.Release|Any CPU.Build.0 = Release|Any CPU
		{1A165E53-B8A4-406D-BCA0-3C9DA4DCAC8A}.Debug|Any CPU.ActiveCfg = Debug|Any CPU
		{1A165E53-B8A4-406D-BCA0-3C9DA4DCAC8A}.Debug|Any CPU.Build.0 = Debug|Any CPU
		{1A165E53-B8A4-406D-BCA0-3C9DA4DCAC8A}.Release|Any CPU.ActiveCfg = Release|Any CPU
		{1A165E53-B8A4-406D-BCA0-3C9DA4DCAC8A}.Release|Any CPU.Build.0 = Release|Any CPU
		{3BADF280-3891-4077-8796-E8A7279AB129}.Debug|Any CPU.ActiveCfg = Debug|Any CPU
		{3BADF280-3891-4077-8796-E8A7279AB129}.Debug|Any CPU.Build.0 = Debug|Any CPU
		{3BADF280-3891-4077-8796-E8A7279AB129}.Release|Any CPU.ActiveCfg = Release|Any CPU
		{3BADF280-3891-4077-8796-E8A7279AB129}.Release|Any CPU.Build.0 = Release|Any CPU
	EndGlobalSection
	GlobalSection(SolutionProperties) = preSolution
		HideSolutionNode = FALSE
	EndGlobalSection
	GlobalSection(NestedProjects) = preSolution
		{214A4B5D-500F-4B4C-BC67-495B39AE87E6} = {36D591C7-65C7-A0D1-1CBC-10CDE441BDC8}
		{6AB6D75F-E036-485C-B87C-51C85637D02A} = {36D591C7-65C7-A0D1-1CBC-10CDE441BDC8}
		{6742F03B-00F1-4C3D-B731-9EF8BD70112A} = {36D591C7-65C7-A0D1-1CBC-10CDE441BDC8}
		{4545CE38-C13E-407C-B7DB-5AE34A543B3C} = {3B8DCD40-0F79-4CE1-8280-5B73036BF607}
		{B052A45A-3681-4D09-9F3C-6A66561CFC92} = {3B8DCD40-0F79-4CE1-8280-5B73036BF607}
		{C5525CA1-A833-4E0F-9BDD-0DAE6A02845B} = {3B8DCD40-0F79-4CE1-8280-5B73036BF607}
		{0B42DD46-DA70-4D4F-A43E-33488A5832C3} = {C3F21AAB-C4E6-4DAA-A848-1A286529FE9D}
		{AEA3FDD5-CB35-46E8-8500-88A4A3366831} = {C3F21AAB-C4E6-4DAA-A848-1A286529FE9D}
		{292FFBE0-5E34-4F74-ABA4-51F0D3968C50} = {C3F21AAB-C4E6-4DAA-A848-1A286529FE9D}
		{D7158135-1545-41E5-A384-A6983B1AA77B} = {45731977-8DC6-423B-874B-1213E048571C}
		{1A165E53-B8A4-406D-BCA0-3C9DA4DCAC8A} = {45731977-8DC6-423B-874B-1213E048571C}
		{3BADF280-3891-4077-8796-E8A7279AB129} = {45731977-8DC6-423B-874B-1213E048571C}
	EndGlobalSection
	GlobalSection(ExtensibilityGlobals) = postSolution
		SolutionGuid = {3E512D1F-517E-4DB1-9B2B-DDD202CB38F7}
	EndGlobalSection
EndGlobal
